// !$*UTF8*$!
{
	archiveVersion = 1;
	classes = {
	};
	objectVersion = 50;
	objects = {

/* Begin PBXBuildFile section */
		3C0C007C24D55574002947FE /* AppDelegate.swift in Sources */ = {isa = PBXBuildFile; fileRef = 3C0C007B24D55574002947FE /* AppDelegate.swift */; };
		3C0C007E24D55574002947FE /* SceneDelegate.swift in Sources */ = {isa = PBXBuildFile; fileRef = 3C0C007D24D55574002947FE /* SceneDelegate.swift */; };
		3C0C008124D55574002947FE /* ReferralForm.xcdatamodeld in Sources */ = {isa = PBXBuildFile; fileRef = 3C0C007F24D55574002947FE /* ReferralForm.xcdatamodeld */; };
		3C0C008324D55574002947FE /* ContentView.swift in Sources */ = {isa = PBXBuildFile; fileRef = 3C0C008224D55574002947FE /* ContentView.swift */; };
		3C0C008524D55576002947FE /* Assets.xcassets in Resources */ = {isa = PBXBuildFile; fileRef = 3C0C008424D55576002947FE /* Assets.xcassets */; };
		3C0C008824D55576002947FE /* Preview Assets.xcassets in Resources */ = {isa = PBXBuildFile; fileRef = 3C0C008724D55576002947FE /* Preview Assets.xcassets */; };
		3C0C008B24D55576002947FE /* LaunchScreen.storyboard in Resources */ = {isa = PBXBuildFile; fileRef = 3C0C008924D55576002947FE /* LaunchScreen.storyboard */; };
/* End PBXBuildFile section */

/* Begin PBXFileReference section */
		3C0C007824D55574002947FE /* ReferralForm.app */ = {isa = PBXFileReference; explicitFileType = wrapper.application; includeInIndex = 0; path = ReferralForm.app; sourceTree = BUILT_PRODUCTS_DIR; };
		3C0C007B24D55574002947FE /* AppDelegate.swift */ = {isa = PBXFileReference; lastKnownFileType = sourcecode.swift; path = AppDelegate.swift; sourceTree = "<group>"; };
		3C0C007D24D55574002947FE /* SceneDelegate.swift */ = {isa = PBXFileReference; lastKnownFileType = sourcecode.swift; path = SceneDelegate.swift; sourceTree = "<group>"; };
		3C0C008024D55574002947FE /* ReferralForm.xcdatamodel */ = {isa = PBXFileReference; lastKnownFileType = wrapper.xcdatamodel; path = ReferralForm.xcdatamodel; sourceTree = "<group>"; };
		3C0C008224D55574002947FE /* ContentView.swift */ = {isa = PBXFileReference; lastKnownFileType = sourcecode.swift; path = ContentView.swift; sourceTree = "<group>"; };
		3C0C008424D55576002947FE /* Assets.xcassets */ = {isa = PBXFileReference; lastKnownFileType = folder.assetcatalog; path = Assets.xcassets; sourceTree = "<group>"; };
		3C0C008724D55576002947FE /* Preview Assets.xcassets */ = {isa = PBXFileReference; lastKnownFileType = folder.assetcatalog; path = "Preview Assets.xcassets"; sourceTree = "<group>"; };
		3C0C008A24D55576002947FE /* Base */ = {isa = PBXFileReference; lastKnownFileType = file.storyboard; name = Base; path = Base.lproj/LaunchScreen.storyboard; sourceTree = "<group>"; };
		3C0C008C24D55577002947FE /* Info.plist */ = {isa = PBXFileReference; lastKnownFileType = text.plist.xml; path = Info.plist; sourceTree = "<group>"; };
/* End PBXFileReference section */

/* Begin PBXFrameworksBuildPhase section */
		3C0C007524D55574002947FE /* Frameworks */ = {
			isa = PBXFrameworksBuildPhase;
			buildActionMask = 2147483647;
			files = (
			);
			runOnlyForDeploymentPostprocessing = 0;
		};
/* End PBXFrameworksBuildPhase section */

/* Begin PBXGroup section */
		3C0C006F24D55574002947FE = {
			isa = PBXGroup;
			children = (
				3C0C007A24D55574002947FE /* ReferralForm */,
				3C0C007924D55574002947FE /* Products */,
			);
			sourceTree = "<group>";
		};
		3C0C007924D55574002947FE /* Products */ = {
			isa = PBXGroup;
			children = (
				3C0C007824D55574002947FE /* ReferralForm.app */,
			);
			name = Products;
			sourceTree = "<group>";
		};
		3C0C007A24D55574002947FE /* ReferralForm */ = {
			isa = PBXGroup;
			children = (
				3C0C007B24D55574002947FE /* AppDelegate.swift */,
				3C0C007D24D55574002947FE /* SceneDelegate.swift */,
				3C0C008224D55574002947FE /* ContentView.swift */,
				3C0C008424D55576002947FE /* Assets.xcassets */,
				3C0C008924D55576002947FE /* LaunchScreen.storyboard */,
				3C0C008C24D55577002947FE /* Info.plist */,
				3C0C007F24D55574002947FE /* ReferralForm.xcdatamodeld */,
				3C0C008624D55576002947FE /* Preview Content */,
			);
			path = ReferralForm;
			sourceTree = "<group>";
		};
		3C0C008624D55576002947FE /* Preview Content */ = {
			isa = PBXGroup;
			children = (
				3C0C008724D55576002947FE /* Preview Assets.xcassets */,
			);
			path = "Preview Content";
			sourceTree = "<group>";
		};
/* End PBXGroup section */

/* Begin PBXNativeTarget section */
		3C0C007724D55574002947FE /* ReferralForm */ = {
			isa = PBXNativeTarget;
			buildConfigurationList = 3C0C008F24D55577002947FE /* Build configuration list for PBXNativeTarget "ReferralForm" */;
			buildPhases = (
				3C0C007424D55574002947FE /* Sources */,
				3C0C007524D55574002947FE /* Frameworks */,
				3C0C007624D55574002947FE /* Resources */,
			);
			buildRules = (
			);
			dependencies = (
			);
			name = ReferralForm;
			productName = ReferralForm;
			productReference = 3C0C007824D55574002947FE /* ReferralForm.app */;
			productType = "com.apple.product-type.application";
		};
/* End PBXNativeTarget section */

/* Begin PBXProject section */
		3C0C007024D55574002947FE /* Project object */ = {
			isa = PBXProject;
			attributes = {
				LastSwiftUpdateCheck = 1150;
				LastUpgradeCheck = 1150;
				ORGANIZATIONNAME = "Saven Developers Office";
				TargetAttributes = {
					3C0C007724D55574002947FE = {
						CreatedOnToolsVersion = 11.5;
					};
				};
			};
			buildConfigurationList = 3C0C007324D55574002947FE /* Build configuration list for PBXProject "ReferralForm" */;
			compatibilityVersion = "Xcode 9.3";
			developmentRegion = en;
			hasScannedForEncodings = 0;
			knownRegions = (
				en,
				Base,
			);
			mainGroup = 3C0C006F24D55574002947FE;
			productRefGroup = 3C0C007924D55574002947FE /* Products */;
			projectDirPath = "";
			projectRoot = "";
			targets = (
				3C0C007724D55574002947FE /* ReferralForm */,
			);
		};
/* End PBXProject section */

/* Begin PBXResourcesBuildPhase section */
		3C0C007624D55574002947FE /* Resources */ = {
			isa = PBXResourcesBuildPhase;
			buildActionMask = 2147483647;
			files = (
				3C0C008B24D55576002947FE /* LaunchScreen.storyboard in Resources */,
				3C0C008824D55576002947FE /* Preview Assets.xcassets in Resources */,
				3C0C008524D55576002947FE /* Assets.xcassets in Resources */,
			);
			runOnlyForDeploymentPostprocessing = 0;
		};
/* End PBXResourcesBuildPhase section */

/* Begin PBXSourcesBuildPhase section */
		3C0C007424D55574002947FE /* Sources */ = {
			isa = PBXSourcesBuildPhase;
			buildActionMask = 2147483647;
			files = (
				3C0C007C24D55574002947FE /* AppDelegate.swift in Sources */,
				3C0C007E24D55574002947FE /* SceneDelegate.swift in Sources */,
				3C0C008324D55574002947FE /* ContentView.swift in Sources */,
				3C0C008124D55574002947FE /* ReferralForm.xcdatamodeld in Sources */,
			);
			runOnlyForDeploymentPostprocessing = 0;
		};
/* End PBXSourcesBuildPhase section */

/* Begin PBXVariantGroup section */
		3C0C008924D55576002947FE /* LaunchScreen.storyboard */ = {
			isa = PBXVariantGroup;
			children = (
				3C0C008A24D55576002947FE /* Base */,
			);
			name = LaunchScreen.storyboard;
			sourceTree = "<group>";
		};
/* End PBXVariantGroup section */

/* Begin XCBuildConfiguration section */
		3C0C008D24D55577002947FE /* Debug */ = {
			isa = XCBuildConfiguration;
			buildSettings = {
				ALWAYS_SEARCH_USER_PATHS = NO;
				CLANG_ANALYZER_NONNULL = YES;
				CLANG_ANALYZER_NUMBER_OBJECT_CONVERSION = YES_AGGRESSIVE;
				CLANG_CXX_LANGUAGE_STANDARD = "gnu++14";
				CLANG_CXX_LIBRARY = "libc++";
				CLANG_ENABLE_MODULES = YES;
				CLANG_ENABLE_OBJC_ARC = YES;
				CLANG_ENABLE_OBJC_WEAK = YES;
				CLANG_WARN_BLOCK_CAPTURE_AUTORELEASING = YES;
				CLANG_WARN_BOOL_CONVERSION = YES;
				CLANG_WARN_COMMA = YES;
				CLANG_WARN_CONSTANT_CONVERSION = YES;
				CLANG_WARN_DEPRECATED_OBJC_IMPLEMENTATIONS = YES;
				CLANG_WARN_DIRECT_OBJC_ISA_USAGE = YES_ERROR;
				CLANG_WARN_DOCUMENTATION_COMMENTS = YES;
				CLANG_WARN_EMPTY_BODY = YES;
				CLANG_WARN_ENUM_CONVERSION = YES;
				CLANG_WARN_INFINITE_RECURSION = YES;
				CLANG_WARN_INT_CONVERSION = YES;
				CLANG_WARN_NON_LITERAL_NULL_CONVERSION = YES;
				CLANG_WARN_OBJC_IMPLICIT_RETAIN_SELF = YES;
				CLANG_WARN_OBJC_LITERAL_CONVERSION = YES;
				CLANG_WARN_OBJC_ROOT_CLASS = YES_ERROR;
				CLANG_WARN_RANGE_LOOP_ANALYSIS = YES;
				CLANG_WARN_STRICT_PROTOTYPES = YES;
				CLANG_WARN_SUSPICIOUS_MOVE = YES;
				CLANG_WARN_UNGUARDED_AVAILABILITY = YES_AGGRESSIVE;
				CLANG_WARN_UNREACHABLE_CODE = YES;
				CLANG_WARN__DUPLICATE_METHOD_MATCH = YES;
				COPY_PHASE_STRIP = NO;
				DEBUG_INFORMATION_FORMAT = dwarf;
				ENABLE_STRICT_OBJC_MSGSEND = YES;
				ENABLE_TESTABILITY = YES;
				GCC_C_LANGUAGE_STANDARD = gnu11;
				GCC_DYNAMIC_NO_PIC = NO;
				GCC_NO_COMMON_BLOCKS = YES;
				GCC_OPTIMIZATION_LEVEL = 0;
				GCC_PREPROCESSOR_DEFINITIONS = (
					"DEBUG=1",
					"$(inherited)",
				);
				GCC_WARN_64_TO_32_BIT_CONVERSION = YES;
				GCC_WARN_ABOUT_RETURN_TYPE = YES_ERROR;
				GCC_WARN_UNDECLARED_SELECTOR = YES;
				GCC_WARN_UNINITIALIZED_AUTOS = YES_AGGRESSIVE;
				GCC_WARN_UNUSED_FUNCTION = YES;
				GCC_WARN_UNUSED_VARIABLE = YES;
				IPHONEOS_DEPLOYMENT_TARGET = 13.5;
				MTL_ENABLE_DEBUG_INFO = INCLUDE_SOURCE;
				MTL_FAST_MATH = YES;
				ONLY_ACTIVE_ARCH = YES;
				SDKROOT = iphoneos;
				SWIFT_ACTIVE_COMPILATION_CONDITIONS = DEBUG;
				SWIFT_OPTIMIZATION_LEVEL = "-Onone";
			};
			name = Debug;
		};
		3C0C008E24D55577002947FE /* Release */ = {
			isa = XCBuildConfiguration;
			buildSettings = {
				ALWAYS_SEARCH_USER_PATHS = NO;
				CLANG_ANALYZER_NONNULL = YES;
				CLANG_ANALYZER_NUMBER_OBJECT_CONVERSION = YES_AGGRESSIVE;
				CLANG_CXX_LANGUAGE_STANDARD = "gnu++14";
				CLANG_CXX_LIBRARY = "libc++";
				CLANG_ENABLE_MODULES = YES;
				CLANG_ENABLE_OBJC_ARC = YES;
				CLANG_ENABLE_OBJC_WEAK = YES;
				CLANG_WARN_BLOCK_CAPTURE_AUTORELEASING = YES;
				CLANG_WARN_BOOL_CONVERSION = YES;
				CLANG_WARN_COMMA = YES;
				CLANG_WARN_CONSTANT_CONVERSION = YES;
				CLANG_WARN_DEPRECATED_OBJC_IMPLEMENTATIONS = YES;
				CLANG_WARN_DIRECT_OBJC_ISA_USAGE = YES_ERROR;
				CLANG_WARN_DOCUMENTATION_COMMENTS = YES;
				CLANG_WARN_EMPTY_BODY = YES;
				CLANG_WARN_ENUM_CONVERSION = YES;
				CLANG_WARN_INFINITE_RECURSION = YES;
				CLANG_WARN_INT_CONVERSION = YES;
				CLANG_WARN_NON_LITERAL_NULL_CONVERSION = YES;
				CLANG_WARN_OBJC_IMPLICIT_RETAIN_SELF = YES;
				CLANG_WARN_OBJC_LITERAL_CONVERSION = YES;
				CLANG_WARN_OBJC_ROOT_CLASS = YES_ERROR;
				CLANG_WARN_RANGE_LOOP_ANALYSIS = YES;
				CLANG_WARN_STRICT_PROTOTYPES = YES;
				CLANG_WARN_SUSPICIOUS_MOVE = YES;
				CLANG_WARN_UNGUARDED_AVAILABILITY = YES_AGGRESSIVE;
				CLANG_WARN_UNREACHABLE_CODE = YES;
				CLANG_WARN__DUPLICATE_METHOD_MATCH = YES;
				COPY_PHASE_STRIP = NO;
				DEBUG_INFORMATION_FORMAT = "dwarf-with-dsym";
				ENABLE_NS_ASSERTIONS = NO;
				ENABLE_STRICT_OBJC_MSGSEND = YES;
				GCC_C_LANGUAGE_STANDARD = gnu11;
				GCC_NO_COMMON_BLOCKS = YES;
				GCC_WARN_64_TO_32_BIT_CONVERSION = YES;
				GCC_WARN_ABOUT_RETURN_TYPE = YES_ERROR;
				GCC_WARN_UNDECLARED_SELECTOR = YES;
				GCC_WARN_UNINITIALIZED_AUTOS = YES_AGGRESSIVE;
				GCC_WARN_UNUSED_FUNCTION = YES;
				GCC_WARN_UNUSED_VARIABLE = YES;
				IPHONEOS_DEPLOYMENT_TARGET = 13.5;
				MTL_ENABLE_DEBUG_INFO = NO;
				MTL_FAST_MATH = YES;
				SDKROOT = iphoneos;
				SWIFT_COMPILATION_MODE = wholemodule;
				SWIFT_OPTIMIZATION_LEVEL = "-O";
				VALIDATE_PRODUCT = YES;
			};
			name = Release;
		};
		3C0C009024D55577002947FE /* Debug */ = {
			isa = XCBuildConfiguration;
			buildSettings = {
				ASSETCATALOG_COMPILER_APPICON_NAME = AppIcon;
				CODE_SIGN_STYLE = Automatic;
				DEVELOPMENT_ASSET_PATHS = "\"ReferralForm/Preview Content\"";
				DEVELOPMENT_TEAM = UUUTB6SGAH;
				ENABLE_PREVIEWS = YES;
				INFOPLIST_FILE = ReferralForm/Info.plist;
				LD_RUNPATH_SEARCH_PATHS = (
					"$(inherited)",
					"@executable_path/Frameworks",
				);
				PRODUCT_BUNDLE_IDENTIFIER = com.savendevelopersoffice.ReferralForm;
				PRODUCT_NAME = "$(TARGET_NAME)";
				SWIFT_VERSION = 5.0;
				TARGETED_DEVICE_FAMILY = "1,2";
			};
			name = Debug;
		};
		3C0C009124D55577002947FE /* Release */ = {
			isa = XCBuildConfiguration;
			buildSettings = {
				ASSETCATALOG_COMPILER_APPICON_NAME = AppIcon;
				CODE_SIGN_STYLE = Automatic;
				DEVELOPMENT_ASSET_PATHS = "\"ReferralForm/Preview Content\"";
				DEVELOPMENT_TEAM = UUUTB6SGAH;
				ENABLE_PREVIEWS = YES;
				INFOPLIST_FILE = ReferralForm/Info.plist;
				LD_RUNPATH_SEARCH_PATHS = (
					"$(inherited)",
					"@executable_path/Frameworks",
				);
				PRODUCT_BUNDLE_IDENTIFIER = com.savendevelopersoffice.ReferralForm;
				PRODUCT_NAME = "$(TARGET_NAME)";
				SWIFT_VERSION = 5.0;
				TARGETED_DEVICE_FAMILY = "1,2";
			};
			name = Release;
		};
/* End XCBuildConfiguration section */

/* Begin XCConfigurationList section */
		3C0C007324D55574002947FE /* Build configuration list for PBXProject "ReferralForm" */ = {
			isa = XCConfigurationList;
			buildConfigurations = (
				3C0C008D24D55577002947FE /* Debug */,
				3C0C008E24D55577002947FE /* Release */,
			);
			defaultConfigurationIsVisible = 0;
			defaultConfigurationName = Release;
		};
		3C0C008F24D55577002947FE /* Build configuration list for PBXNativeTarget "ReferralForm" */ = {
			isa = XCConfigurationList;
			buildConfigurations = (
				3C0C009024D55577002947FE /* Debug */,
				3C0C009124D55577002947FE /* Release */,
			);
			defaultConfigurationIsVisible = 0;
			defaultConfigurationName = Release;
		};
/* End XCConfigurationList section */

/* Begin XCVersionGroup section */
		3C0C007F24D55574002947FE /* ReferralForm.xcdatamodeld */ = {
			isa = XCVersionGroup;
			children = (
				3C0C008024D55574002947FE /* ReferralForm.xcdatamodel */,
			);
			currentVersion = 3C0C008024D55574002947FE /* ReferralForm.xcdatamodel */;
			path = ReferralForm.xcdatamodeld;
			sourceTree = "<group>";
			versionGroupType = wrapper.xcdatamodel;
		};
/* End XCVersionGroup section */
	};
	rootObject = 3C0C007024D55574002947FE /* Project object */;
}
